// !$*UTF8*$!
{
	archiveVersion = 1;
	classes = {
	};
	objectVersion = 46;
	objects = {

/* Begin PBXBuildFile section */
		6576D85D19C4F90C007DB566 /* AppDelegate.swift in Sources */ = {isa = PBXBuildFile; fileRef = 6576D85C19C4F90C007DB566 /* AppDelegate.swift */; };
		6576D85F19C4F90C007DB566 /* ViewController.swift in Sources */ = {isa = PBXBuildFile; fileRef = 6576D85E19C4F90C007DB566 /* ViewController.swift */; };
		6576D86219C4F90C007DB566 /* Main.storyboard in Resources */ = {isa = PBXBuildFile; fileRef = 6576D86019C4F90C007DB566 /* Main.storyboard */; };
		6576D86419C4F90C007DB566 /* Images.xcassets in Resources */ = {isa = PBXBuildFile; fileRef = 6576D86319C4F90C007DB566 /* Images.xcassets */; };
		6576D86719C4F90C007DB566 /* LaunchScreen.xib in Resources */ = {isa = PBXBuildFile; fileRef = 6576D86519C4F90C007DB566 /* LaunchScreen.xib */; };
		6576D87319C4F90D007DB566 /* DropboxDevineTests.swift in Sources */ = {isa = PBXBuildFile; fileRef = 6576D87219C4F90D007DB566 /* DropboxDevineTests.swift */; };
		6576D87F19C5024A007DB566 /* CreateAccountViewController.swift in Sources */ = {isa = PBXBuildFile; fileRef = 6576D87E19C5024A007DB566 /* CreateAccountViewController.swift */; };
		6576D88119C502EF007DB566 /* SignInRootViewController.swift in Sources */ = {isa = PBXBuildFile; fileRef = 6576D88019C502EF007DB566 /* SignInRootViewController.swift */; };
		6576D88519C5181A007DB566 /* SignUpScrollViewController.swift in Sources */ = {isa = PBXBuildFile; fileRef = 6576D88419C5181A007DB566 /* SignUpScrollViewController.swift */; };
		6576D88719C6272C007DB566 /* CreateFormViewController.swift in Sources */ = {isa = PBXBuildFile; fileRef = 6576D88619C6272C007DB566 /* CreateFormViewController.swift */; };
		6576D88B19C643C6007DB566 /* SignInFlowViewController.swift in Sources */ = {isa = PBXBuildFile; fileRef = 6576D88A19C643C6007DB566 /* SignInFlowViewController.swift */; };
		6576D88D19C64966007DB566 /* Welcome2SwipeViewController.swift in Sources */ = {isa = PBXBuildFile; fileRef = 6576D88C19C64966007DB566 /* Welcome2SwipeViewController.swift */; };
/* End PBXBuildFile section */

/* Begin PBXContainerItemProxy section */
		6576D86D19C4F90D007DB566 /* PBXContainerItemProxy */ = {
			isa = PBXContainerItemProxy;
			containerPortal = 6576D84F19C4F90C007DB566 /* Project object */;
			proxyType = 1;
			remoteGlobalIDString = 6576D85619C4F90C007DB566;
			remoteInfo = DropboxDevine;
		};
/* End PBXContainerItemProxy section */

/* Begin PBXFileReference section */
		6576D85719C4F90C007DB566 /* DropboxDevine.app */ = {isa = PBXFileReference; explicitFileType = wrapper.application; includeInIndex = 0; path = DropboxDevine.app; sourceTree = BUILT_PRODUCTS_DIR; };
		6576D85B19C4F90C007DB566 /* Info.plist */ = {isa = PBXFileReference; lastKnownFileType = text.plist.xml; path = Info.plist; sourceTree = "<group>"; };
		6576D85C19C4F90C007DB566 /* AppDelegate.swift */ = {isa = PBXFileReference; lastKnownFileType = sourcecode.swift; path = AppDelegate.swift; sourceTree = "<group>"; };
		6576D85E19C4F90C007DB566 /* ViewController.swift */ = {isa = PBXFileReference; lastKnownFileType = sourcecode.swift; path = ViewController.swift; sourceTree = "<group>"; };
		6576D86119C4F90C007DB566 /* Base */ = {isa = PBXFileReference; lastKnownFileType = file.storyboard; name = Base; path = Base.lproj/Main.storyboard; sourceTree = "<group>"; };
		6576D86319C4F90C007DB566 /* Images.xcassets */ = {isa = PBXFileReference; lastKnownFileType = folder.assetcatalog; path = Images.xcassets; sourceTree = "<group>"; };
		6576D86619C4F90C007DB566 /* Base */ = {isa = PBXFileReference; lastKnownFileType = file.xib; name = Base; path = Base.lproj/LaunchScreen.xib; sourceTree = "<group>"; };
		6576D86C19C4F90D007DB566 /* DropboxDevineTests.xctest */ = {isa = PBXFileReference; explicitFileType = wrapper.cfbundle; includeInIndex = 0; path = DropboxDevineTests.xctest; sourceTree = BUILT_PRODUCTS_DIR; };
		6576D87119C4F90D007DB566 /* Info.plist */ = {isa = PBXFileReference; lastKnownFileType = text.plist.xml; path = Info.plist; sourceTree = "<group>"; };
		6576D87219C4F90D007DB566 /* DropboxDevineTests.swift */ = {isa = PBXFileReference; lastKnownFileType = sourcecode.swift; path = DropboxDevineTests.swift; sourceTree = "<group>"; };
		6576D87E19C5024A007DB566 /* CreateAccountViewController.swift */ = {isa = PBXFileReference; fileEncoding = 4; lastKnownFileType = sourcecode.swift; path = CreateAccountViewController.swift; sourceTree = "<group>"; };
		6576D88019C502EF007DB566 /* SignInRootViewController.swift */ = {isa = PBXFileReference; fileEncoding = 4; lastKnownFileType = sourcecode.swift; path = SignInRootViewController.swift; sourceTree = "<group>"; };
		6576D88419C5181A007DB566 /* SignUpScrollViewController.swift */ = {isa = PBXFileReference; fileEncoding = 4; lastKnownFileType = sourcecode.swift; path = SignUpScrollViewController.swift; sourceTree = "<group>"; };
		6576D88619C6272C007DB566 /* CreateFormViewController.swift */ = {isa = PBXFileReference; fileEncoding = 4; lastKnownFileType = sourcecode.swift; path = CreateFormViewController.swift; sourceTree = "<group>"; };
		6576D88A19C643C6007DB566 /* SignInFlowViewController.swift */ = {isa = PBXFileReference; fileEncoding = 4; lastKnownFileType = sourcecode.swift; path = SignInFlowViewController.swift; sourceTree = "<group>"; };
		6576D88C19C64966007DB566 /* Welcome2SwipeViewController.swift */ = {isa = PBXFileReference; fileEncoding = 4; lastKnownFileType = sourcecode.swift; path = Welcome2SwipeViewController.swift; sourceTree = "<group>"; };
/* End PBXFileReference section */

/* Begin PBXFrameworksBuildPhase section */
		6576D85419C4F90C007DB566 /* Frameworks */ = {
			isa = PBXFrameworksBuildPhase;
			buildActionMask = 2147483647;
			files = (
			);
			runOnlyForDeploymentPostprocessing = 0;
		};
		6576D86919C4F90D007DB566 /* Frameworks */ = {
			isa = PBXFrameworksBuildPhase;
			buildActionMask = 2147483647;
			files = (
			);
			runOnlyForDeploymentPostprocessing = 0;
		};
/* End PBXFrameworksBuildPhase section */

/* Begin PBXGroup section */
		6576D84E19C4F90C007DB566 = {
			isa = PBXGroup;
			children = (
				6576D85919C4F90C007DB566 /* DropboxDevine */,
				6576D86F19C4F90D007DB566 /* DropboxDevineTests */,
				6576D85819C4F90C007DB566 /* Products */,
			);
			sourceTree = "<group>";
		};
		6576D85819C4F90C007DB566 /* Products */ = {
			isa = PBXGroup;
			children = (
				6576D85719C4F90C007DB566 /* DropboxDevine.app */,
				6576D86C19C4F90D007DB566 /* DropboxDevineTests.xctest */,
			);
			name = Products;
			sourceTree = "<group>";
		};
		6576D85919C4F90C007DB566 /* DropboxDevine */ = {
			isa = PBXGroup;
			children = (
				6576D85C19C4F90C007DB566 /* AppDelegate.swift */,
				6576D85E19C4F90C007DB566 /* ViewController.swift */,
				6576D86019C4F90C007DB566 /* Main.storyboard */,
				6576D88C19C64966007DB566 /* Welcome2SwipeViewController.swift */,
				6576D88619C6272C007DB566 /* CreateFormViewController.swift */,
				6576D88419C5181A007DB566 /* SignUpScrollViewController.swift */,
				6576D88019C502EF007DB566 /* SignInRootViewController.swift */,
				6576D88A19C643C6007DB566 /* SignInFlowViewController.swift */,
				6576D87E19C5024A007DB566 /* CreateAccountViewController.swift */,
				6576D86319C4F90C007DB566 /* Images.xcassets */,
				6576D86519C4F90C007DB566 /* LaunchScreen.xib */,
				6576D85A19C4F90C007DB566 /* Supporting Files */,
			);
			path = DropboxDevine;
			sourceTree = "<group>";
		};
		6576D85A19C4F90C007DB566 /* Supporting Files */ = {
			isa = PBXGroup;
			children = (
				6576D85B19C4F90C007DB566 /* Info.plist */,
			);
			name = "Supporting Files";
			sourceTree = "<group>";
		};
		6576D86F19C4F90D007DB566 /* DropboxDevineTests */ = {
			isa = PBXGroup;
			children = (
				6576D87219C4F90D007DB566 /* DropboxDevineTests.swift */,
				6576D87019C4F90D007DB566 /* Supporting Files */,
			);
			path = DropboxDevineTests;
			sourceTree = "<group>";
		};
		6576D87019C4F90D007DB566 /* Supporting Files */ = {
			isa = PBXGroup;
			children = (
				6576D87119C4F90D007DB566 /* Info.plist */,
			);
			name = "Supporting Files";
			sourceTree = "<group>";
		};
/* End PBXGroup section */

/* Begin PBXNativeTarget section */
		6576D85619C4F90C007DB566 /* DropboxDevine */ = {
			isa = PBXNativeTarget;
			buildConfigurationList = 6576D87619C4F90D007DB566 /* Build configuration list for PBXNativeTarget "DropboxDevine" */;
			buildPhases = (
				6576D85319C4F90C007DB566 /* Sources */,
				6576D85419C4F90C007DB566 /* Frameworks */,
				6576D85519C4F90C007DB566 /* Resources */,
			);
			buildRules = (
			);
			dependencies = (
			);
			name = DropboxDevine;
			productName = DropboxDevine;
			productReference = 6576D85719C4F90C007DB566 /* DropboxDevine.app */;
			productType = "com.apple.product-type.application";
		};
		6576D86B19C4F90D007DB566 /* DropboxDevineTests */ = {
			isa = PBXNativeTarget;
			buildConfigurationList = 6576D87919C4F90D007DB566 /* Build configuration list for PBXNativeTarget "DropboxDevineTests" */;
			buildPhases = (
				6576D86819C4F90D007DB566 /* Sources */,
				6576D86919C4F90D007DB566 /* Frameworks */,
				6576D86A19C4F90D007DB566 /* Resources */,
			);
			buildRules = (
			);
			dependencies = (
				6576D86E19C4F90D007DB566 /* PBXTargetDependency */,
			);
			name = DropboxDevineTests;
			productName = DropboxDevineTests;
			productReference = 6576D86C19C4F90D007DB566 /* DropboxDevineTests.xctest */;
			productType = "com.apple.product-type.bundle.unit-test";
		};
/* End PBXNativeTarget section */

/* Begin PBXProject section */
		6576D84F19C4F90C007DB566 /* Project object */ = {
			isa = PBXProject;
			attributes = {
				LastUpgradeCheck = 0600;
				ORGANIZATIONNAME = WilliamDevine;
				TargetAttributes = {
					6576D85619C4F90C007DB566 = {
						CreatedOnToolsVersion = 6.0;
					};
					6576D86B19C4F90D007DB566 = {
						CreatedOnToolsVersion = 6.0;
						TestTargetID = 6576D85619C4F90C007DB566;
					};
				};
			};
			buildConfigurationList = 6576D85219C4F90C007DB566 /* Build configuration list for PBXProject "DropboxDevine" */;
			compatibilityVersion = "Xcode 3.2";
			developmentRegion = English;
			hasScannedForEncodings = 0;
			knownRegions = (
				en,
				Base,
			);
			mainGroup = 6576D84E19C4F90C007DB566;
			productRefGroup = 6576D85819C4F90C007DB566 /* Products */;
			projectDirPath = "";
			projectRoot = "";
			targets = (
				6576D85619C4F90C007DB566 /* DropboxDevine */,
				6576D86B19C4F90D007DB566 /* DropboxDevineTests */,
			);
		};
/* End PBXProject section */

/* Begin PBXResourcesBuildPhase section */
		6576D85519C4F90C007DB566 /* Resources */ = {
			isa = PBXResourcesBuildPhase;
			buildActionMask = 2147483647;
			files = (
				6576D86219C4F90C007DB566 /* Main.storyboard in Resources */,
				6576D86719C4F90C007DB566 /* LaunchScreen.xib in Resources */,
				6576D86419C4F90C007DB566 /* Images.xcassets in Resources */,
			);
			runOnlyForDeploymentPostprocessing = 0;
		};
		6576D86A19C4F90D007DB566 /* Resources */ = {
			isa = PBXResourcesBuildPhase;
			buildActionMask = 2147483647;
			files = (
			);
			runOnlyForDeploymentPostprocessing = 0;
		};
/* End PBXResourcesBuildPhase section */

/* Begin PBXSourcesBuildPhase section */
		6576D85319C4F90C007DB566 /* Sources */ = {
			isa = PBXSourcesBuildPhase;
			buildActionMask = 2147483647;
			files = (
				6576D88719C6272C007DB566 /* CreateFormViewController.swift in Sources */,
				6576D88119C502EF007DB566 /* SignInRootViewController.swift in Sources */,
				6576D87F19C5024A007DB566 /* CreateAccountViewController.swift in Sources */,
				6576D88D19C64966007DB566 /* Welcome2SwipeViewController.swift in Sources */,
				6576D88519C5181A007DB566 /* SignUpScrollViewController.swift in Sources */,
				6576D85F19C4F90C007DB566 /* ViewController.swift in Sources */,
				6576D85D19C4F90C007DB566 /* AppDelegate.swift in Sources */,
				6576D88B19C643C6007DB566 /* SignInFlowViewController.swift in Sources */,
			);
			runOnlyForDeploymentPostprocessing = 0;
		};
		6576D86819C4F90D007DB566 /* Sources */ = {
			isa = PBXSourcesBuildPhase;
			buildActionMask = 2147483647;
			files = (
				6576D87319C4F90D007DB566 /* DropboxDevineTests.swift in Sources */,
			);
			runOnlyForDeploymentPostprocessing = 0;
		};
/* End PBXSourcesBuildPhase section */

/* Begin PBXTargetDependency section */
		6576D86E19C4F90D007DB566 /* PBXTargetDependency */ = {
			isa = PBXTargetDependency;
			target = 6576D85619C4F90C007DB566 /* DropboxDevine */;
			targetProxy = 6576D86D19C4F90D007DB566 /* PBXContainerItemProxy */;
		};
/* End PBXTargetDependency section */

/* Begin PBXVariantGroup section */
		6576D86019C4F90C007DB566 /* Main.storyboard */ = {
			isa = PBXVariantGroup;
			children = (
				6576D86119C4F90C007DB566 /* Base */,
			);
			name = Main.storyboard;
			sourceTree = "<group>";
		};
		6576D86519C4F90C007DB566 /* LaunchScreen.xib */ = {
			isa = PBXVariantGroup;
			children = (
				6576D86619C4F90C007DB566 /* Base */,
			);
			name = LaunchScreen.xib;
			sourceTree = "<group>";
		};
/* End PBXVariantGroup section */

/* Begin XCBuildConfiguration section */
		6576D87419C4F90D007DB566 /* Debug */ = {
			isa = XCBuildConfiguration;
			buildSettings = {
				ALWAYS_SEARCH_USER_PATHS = NO;
				CLANG_CXX_LANGUAGE_STANDARD = "gnu++0x";
				CLANG_CXX_LIBRARY = "libc++";
				CLANG_ENABLE_MODULES = YES;
				CLANG_ENABLE_OBJC_ARC = YES;
				CLANG_WARN_BOOL_CONVERSION = YES;
				CLANG_WARN_CONSTANT_CONVERSION = YES;
				CLANG_WARN_DIRECT_OBJC_ISA_USAGE = YES_ERROR;
				CLANG_WARN_EMPTY_BODY = YES;
				CLANG_WARN_ENUM_CONVERSION = YES;
				CLANG_WARN_INT_CONVERSION = YES;
				CLANG_WARN_OBJC_ROOT_CLASS = YES_ERROR;
				CLANG_WARN_UNREACHABLE_CODE = YES;
				CLANG_WARN__DUPLICATE_METHOD_MATCH = YES;
				"CODE_SIGN_IDENTITY[sdk=iphoneos*]" = "iPhone Developer";
				COPY_PHASE_STRIP = NO;
				ENABLE_STRICT_OBJC_MSGSEND = YES;
				GCC_C_LANGUAGE_STANDARD = gnu99;
				GCC_DYNAMIC_NO_PIC = NO;
				GCC_OPTIMIZATION_LEVEL = 0;
				GCC_PREPROCESSOR_DEFINITIONS = (
					"DEBUG=1",
					"$(inherited)",
				);
				GCC_SYMBOLS_PRIVATE_EXTERN = NO;
				GCC_WARN_64_TO_32_BIT_CONVERSION = YES;
				GCC_WARN_ABOUT_RETURN_TYPE = YES_ERROR;
				GCC_WARN_UNDECLARED_SELECTOR = YES;
				GCC_WARN_UNINITIALIZED_AUTOS = YES_AGGRESSIVE;
				GCC_WARN_UNUSED_FUNCTION = YES;
				GCC_WARN_UNUSED_VARIABLE = YES;
				IPHONEOS_DEPLOYMENT_TARGET = 8.0;
				MTL_ENABLE_DEBUG_INFO = YES;
				ONLY_ACTIVE_ARCH = YES;
				SDKROOT = iphoneos;
				SWIFT_OPTIMIZATION_LEVEL = "-Onone";
			};
			name = Debug;
		};
		6576D87519C4F90D007DB566 /* Release */ = {
			isa = XCBuildConfiguration;
			buildSettings = {
				ALWAYS_SEARCH_USER_PATHS = NO;
				CLANG_CXX_LANGUAGE_STANDARD = "gnu++0x";
				CLANG_CXX_LIBRARY = "libc++";
				CLANG_ENABLE_MODULES = YES;
				CLANG_ENABLE_OBJC_ARC = YES;
				CLANG_WARN_BOOL_CONVERSION = YES;
				CLANG_WARN_CONSTANT_CONVERSION = YES;
				CLANG_WARN_DIRECT_OBJC_ISA_USAGE = YES_ERROR;
				CLANG_WARN_EMPTY_BODY = YES;
				CLANG_WARN_ENUM_CONVERSION = YES;
				CLANG_WARN_INT_CONVERSION = YES;
				CLANG_WARN_OBJC_ROOT_CLASS = YES_ERROR;
				CLANG_WARN_UNREACHABLE_CODE = YES;
				CLANG_WARN__DUPLICATE_METHOD_MATCH = YES;
				"CODE_SIGN_IDENTITY[sdk=iphoneos*]" = "iPhone Developer";
				COPY_PHASE_STRIP = YES;
				ENABLE_NS_ASSERTIONS = NO;
				ENABLE_STRICT_OBJC_MSGSEND = YES;
				GCC_C_LANGUAGE_STANDARD = gnu99;
				GCC_WARN_64_TO_32_BIT_CONVERSION = YES;
				GCC_WARN_ABOUT_RETURN_TYPE = YES_ERROR;
				GCC_WARN_UNDECLARED_SELECTOR = YES;
				GCC_WARN_UNINITIALIZED_AUTOS = YES_AGGRESSIVE;
				GCC_WARN_UNUSED_FUNCTION = YES;
				GCC_WARN_UNUSED_VARIABLE = YES;
				IPHONEOS_DEPLOYMENT_TARGET = 8.0;
				MTL_ENABLE_DEBUG_INFO = NO;
				SDKROOT = iphoneos;
				VALIDATE_PRODUCT = YES;
			};
			name = Release;
		};
		6576D87719C4F90D007DB566 /* Debug */ = {
			isa = XCBuildConfiguration;
			buildSettings = {
				ASSETCATALOG_COMPILER_APPICON_NAME = AppIcon;
				INFOPLIST_FILE = DropboxDevine/Info.plist;
				IPHONEOS_DEPLOYMENT_TARGET = 7.0;
				LD_RUNPATH_SEARCH_PATHS = "$(inherited) @executable_path/Frameworks";
				PRODUCT_NAME = "$(TARGET_NAME)";
			};
			name = Debug;
		};
		6576D87819C4F90D007DB566 /* Release */ = {
			isa = XCBuildConfiguration;
			buildSettings = {
				ASSETCATALOG_COMPILER_APPICON_NAME = AppIcon;
				INFOPLIST_FILE = DropboxDevine/Info.plist;
				IPHONEOS_DEPLOYMENT_TARGET = 7.0;
				LD_RUNPATH_SEARCH_PATHS = "$(inherited) @executable_path/Frameworks";
				PRODUCT_NAME = "$(TARGET_NAME)";
			};
			name = Release;
		};
		6576D87A19C4F90D007DB566 /* Debug */ = {
			isa = XCBuildConfiguration;
			buildSettings = {
				BUNDLE_LOADER = "$(TEST_HOST)";
				FRAMEWORK_SEARCH_PATHS = (
					"$(SDKROOT)/Developer/Library/Frameworks",
					"$(inherited)",
				);
				GCC_PREPROCESSOR_DEFINITIONS = (
					"DEBUG=1",
					"$(inherited)",
				);
				INFOPLIST_FILE = DropboxDevineTests/Info.plist;
				LD_RUNPATH_SEARCH_PATHS = "$(inherited) @executable_path/Frameworks @loader_path/Frameworks";
				PRODUCT_NAME = "$(TARGET_NAME)";
				TEST_HOST = "$(BUILT_PRODUCTS_DIR)/DropboxDevine.app/DropboxDevine";
			};
			name = Debug;
		};
		6576D87B19C4F90D007DB566 /* Release */ = {
			isa = XCBuildConfiguration;
			buildSettings = {
				BUNDLE_LOADER = "$(TEST_HOST)";
				FRAMEWORK_SEARCH_PATHS = (
					"$(SDKROOT)/Developer/Library/Frameworks",
					"$(inherited)",
				);
				INFOPLIST_FILE = DropboxDevineTests/Info.plist;
				LD_RUNPATH_SEARCH_PATHS = "$(inherited) @executable_path/Frameworks @loader_path/Frameworks";
				PRODUCT_NAME = "$(TARGET_NAME)";
				TEST_HOST = "$(BUILT_PRODUCTS_DIR)/DropboxDevine.app/DropboxDevine";
			};
			name = Release;
		};
/* End XCBuildConfiguration section */

/* Begin XCConfigurationList section */
		6576D85219C4F90C007DB566 /* Build configuration list for PBXProject "DropboxDevine" */ = {
			isa = XCConfigurationList;
			buildConfigurations = (
				6576D87419C4F90D007DB566 /* Debug */,
				6576D87519C4F90D007DB566 /* Release */,
			);
			defaultConfigurationIsVisible = 0;
			defaultConfigurationName = Release;
		};
		6576D87619C4F90D007DB566 /* Build configuration list for PBXNativeTarget "DropboxDevine" */ = {
			isa = XCConfigurationList;
			buildConfigurations = (
				6576D87719C4F90D007DB566 /* Debug */,
				6576D87819C4F90D007DB566 /* Release */,
			);
			defaultConfigurationIsVisible = 0;
		};
		6576D87919C4F90D007DB566 /* Build configuration list for PBXNativeTarget "DropboxDevineTests" */ = {
			isa = XCConfigurationList;
			buildConfigurations = (
				6576D87A19C4F90D007DB566 /* Debug */,
				6576D87B19C4F90D007DB566 /* Release */,
			);
			defaultConfigurationIsVisible = 0;
		};
/* End XCConfigurationList section */
	};
	rootObject = 6576D84F19C4F90C007DB566 /* Project object */;
}
